
Microsoft Visual Studio Solution File, Format Version 12.00
# Visual Studio Version 17
VisualStudioVersion = 17.3.32922.545
MinimumVisualStudioVersion = 10.0.40219.1
Project("{9A19103F-16F7-4668-BE54-9A1E7A4F7556}") = "timer_v2", "timer_v2\timer_v2.csproj", "{33AA4686-3C83-4578-8DF1-C32F534AF30D}"
EndProject
Global
	GlobalSection(SolutionConfigurationPlatforms) = preSolution
		Debug|Any CPU = Debug|Any CPU
		Release|Any CPU = Release|Any CPU
	EndGlobalSection
	GlobalSection(ProjectConfigurationPlatforms) = postSolution
		{33AA4686-3C83-4578-8DF1-C32F534AF30D}.Debug|Any CPU.ActiveCfg = Debug|Any CPU
		{33AA4686-3C83-4578-8DF1-C32F534AF30D}.Debug|Any CPU.Build.0 = Debug|Any CPU
		{33AA4686-3C83-4578-8DF1-C32F534AF30D}.Release|Any CPU.ActiveCfg = Release|Any CPU
		{33AA4686-3C83-4578-8DF1-C32F534AF30D}.Release|Any CPU.Build.0 = Release|Any CPU
	EndGlobalSection
	GlobalSection(SolutionProperties) = preSolution
		HideSolutionNode = FALSE
	EndGlobalSection
	GlobalSection(ExtensibilityGlobals) = postSolution
		SolutionGuid = {4FDD2780-C6CA-4527-8C3E-A44128A3927B}
	EndGlobalSection
EndGlobal
